
Microsoft Visual Studio Solution File, Format Version 12.00
# Visual Studio 15
VisualStudioVersion = 15.0.25807.0
MinimumVisualStudioVersion = 10.0.40219.1
Project("{2150E333-8FDC-42A3-9474-1A3956D46DE8}") = "Engine", "Engine", "{0CD0B747-68B7-4926-9D39-57939F220BFB}"
EndProject
Project("{2150E333-8FDC-42A3-9474-1A3956D46DE8}") = "Games", "Games", "{685A723F-A2E0-4C4D-AD50-69FD044ED977}"
EndProject
Project("{8BC9CEB8-8B4A-11D0-8D11-00A0C91BC942}") = "UE4", "Intermediate\ProjectFiles\UE4.vcxproj", "{9FE24EE8-858D-4220-BD60-D8BD6BA0067C}"
EndProject
Project("{8BC9CEB8-8B4A-11D0-8D11-00A0C91BC942}") = "BuildingEscape", "Intermediate\ProjectFiles\BuildingEscape.vcxproj", "{AF869686-D3A9-4046-B4A6-7FE4049A0923}"
EndProject
Global
	GlobalSection(SolutionConfigurationPlatforms) = preSolution
		DebugGame Editor|HTML5 = DebugGame Editor|HTML5
		DebugGame Editor|Win32 = DebugGame Editor|Win32
		DebugGame Editor|Win64 = DebugGame Editor|Win64
		DebugGame|HTML5 = DebugGame|HTML5
		DebugGame|Win32 = DebugGame|Win32
		DebugGame|Win64 = DebugGame|Win64
		Development Editor|HTML5 = Development Editor|HTML5
		Development Editor|Win32 = Development Editor|Win32
		Development Editor|Win64 = Development Editor|Win64
		Development|HTML5 = Development|HTML5
		Development|Win32 = Development|Win32
		Development|Win64 = Development|Win64
		Shipping|HTML5 = Shipping|HTML5
		Shipping|Win32 = Shipping|Win32
		Shipping|Win64 = Shipping|Win64
	EndGlobalSection
	GlobalSection(ProjectConfigurationPlatforms) = postSolution
		{9FE24EE8-858D-4220-BD60-D8BD6BA0067C}.DebugGame Editor|HTML5.ActiveCfg = BuiltWithUnrealBuildTool|Win32
		{9FE24EE8-858D-4220-BD60-D8BD6BA0067C}.DebugGame Editor|HTML5.Build.0 = BuiltWithUnrealBuildTool|Win32
		{9FE24EE8-858D-4220-BD60-D8BD6BA0067C}.DebugGame Editor|Win32.ActiveCfg = BuiltWithUnrealBuildTool|Win32
		{9FE24EE8-858D-4220-BD60-D8BD6BA0067C}.DebugGame Editor|Win32.Build.0 = BuiltWithUnrealBuildTool|Win32
		{9FE24EE8-858D-4220-BD60-D8BD6BA0067C}.DebugGame Editor|Win64.ActiveCfg = BuiltWithUnrealBuildTool|Win32
		{9FE24EE8-858D-4220-BD60-D8BD6BA0067C}.DebugGame Editor|Win64.Build.0 = BuiltWithUnrealBuildTool|Win32
		{9FE24EE8-858D-4220-BD60-D8BD6BA0067C}.DebugGame|HTML5.ActiveCfg = BuiltWithUnrealBuildTool|Win32
		{9FE24EE8-858D-4220-BD60-D8BD6BA0067C}.DebugGame|HTML5.Build.0 = BuiltWithUnrealBuildTool|Win32
		{9FE24EE8-858D-4220-BD60-D8BD6BA0067C}.DebugGame|Win32.ActiveCfg = BuiltWithUnrealBuildTool|Win32
		{9FE24EE8-858D-4220-BD60-D8BD6BA0067C}.DebugGame|Win32.Build.0 = BuiltWithUnrealBuildTool|Win32
		{9FE24EE8-858D-4220-BD60-D8BD6BA0067C}.DebugGame|Win64.ActiveCfg = BuiltWithUnrealBuildTool|Win32
		{9FE24EE8-858D-4220-BD60-D8BD6BA0067C}.DebugGame|Win64.Build.0 = BuiltWithUnrealBuildTool|Win32
		{9FE24EE8-858D-4220-BD60-D8BD6BA0067C}.Development Editor|HTML5.ActiveCfg = BuiltWithUnrealBuildTool|Win32
		{9FE24EE8-858D-4220-BD60-D8BD6BA0067C}.Development Editor|HTML5.Build.0 = BuiltWithUnrealBuildTool|Win32
		{9FE24EE8-858D-4220-BD60-D8BD6BA0067C}.Development Editor|Win32.ActiveCfg = BuiltWithUnrealBuildTool|Win32
		{9FE24EE8-858D-4220-BD60-D8BD6BA0067C}.Development Editor|Win32.Build.0 = BuiltWithUnrealBuildTool|Win32
		{9FE24EE8-858D-4220-BD60-D8BD6BA0067C}.Development Editor|Win64.ActiveCfg = BuiltWithUnrealBuildTool|Win32
		{9FE24EE8-858D-4220-BD60-D8BD6BA0067C}.Development Editor|Win64.Build.0 = BuiltWithUnrealBuildTool|Win32
		{9FE24EE8-858D-4220-BD60-D8BD6BA0067C}.Development|HTML5.ActiveCfg = BuiltWithUnrealBuildTool|Win32
		{9FE24EE8-858D-4220-BD60-D8BD6BA0067C}.Development|HTML5.Build.0 = BuiltWithUnrealBuildTool|Win32
		{9FE24EE8-858D-4220-BD60-D8BD6BA0067C}.Development|Win32.ActiveCfg = BuiltWithUnrealBuildTool|Win32
		{9FE24EE8-858D-4220-BD60-D8BD6BA0067C}.Development|Win32.Build.0 = BuiltWithUnrealBuildTool|Win32
		{9FE24EE8-858D-4220-BD60-D8BD6BA0067C}.Development|Win64.ActiveCfg = BuiltWithUnrealBuildTool|Win32
		{9FE24EE8-858D-4220-BD60-D8BD6BA0067C}.Development|Win64.Build.0 = BuiltWithUnrealBuildTool|Win32
		{9FE24EE8-858D-4220-BD60-D8BD6BA0067C}.Shipping|HTML5.ActiveCfg = BuiltWithUnrealBuildTool|Win32
		{9FE24EE8-858D-4220-BD60-D8BD6BA0067C}.Shipping|HTML5.Build.0 = BuiltWithUnrealBuildTool|Win32
		{9FE24EE8-858D-4220-BD60-D8BD6BA0067C}.Shipping|Win32.ActiveCfg = BuiltWithUnrealBuildTool|Win32
		{9FE24EE8-858D-4220-BD60-D8BD6BA0067C}.Shipping|Win32.Build.0 = BuiltWithUnrealBuildTool|Win32
		{9FE24EE8-858D-4220-BD60-D8BD6BA0067C}.Shipping|Win64.ActiveCfg = BuiltWithUnrealBuildTool|Win32
		{9FE24EE8-858D-4220-BD60-D8BD6BA0067C}.Shipping|Win64.Build.0 = BuiltWithUnrealBuildTool|Win32
		{AF869686-D3A9-4046-B4A6-7FE4049A0923}.DebugGame Editor|HTML5.ActiveCfg = HTML5_DebugGame_Editor|Win32
		{AF869686-D3A9-4046-B4A6-7FE4049A0923}.DebugGame Editor|Win32.ActiveCfg = DebugGame_Editor|Win32
		{AF869686-D3A9-4046-B4A6-7FE4049A0923}.DebugGame Editor|Win64.ActiveCfg = DebugGame_Editor|x64
		{AF869686-D3A9-4046-B4A6-7FE4049A0923}.DebugGame Editor|Win64.Build.0 = DebugGame_Editor|x64
		{AF869686-D3A9-4046-B4A6-7FE4049A0923}.DebugGame|HTML5.ActiveCfg = HTML5_DebugGame_Game|Win32
		{AF869686-D3A9-4046-B4A6-7FE4049A0923}.DebugGame|HTML5.Build.0 = HTML5_DebugGame_Game|Win32
		{AF869686-D3A9-4046-B4A6-7FE4049A0923}.DebugGame|Win32.ActiveCfg = DebugGame_Game|Win32
		{AF869686-D3A9-4046-B4A6-7FE4049A0923}.DebugGame|Win32.Build.0 = DebugGame_Game|Win32
		{AF869686-D3A9-4046-B4A6-7FE4049A0923}.DebugGame|Win64.ActiveCfg = DebugGame_Game|x64
		{AF869686-D3A9-4046-B4A6-7FE4049A0923}.DebugGame|Win64.Build.0 = DebugGame_Game|x64
		{AF869686-D3A9-4046-B4A6-7FE4049A0923}.Development Editor|HTML5.ActiveCfg = HTML5_Development_Editor|Win32
		{AF869686-D3A9-4046-B4A6-7FE4049A0923}.Development Editor|Win32.ActiveCfg = Development_Editor|Win32
		{AF869686-D3A9-4046-B4A6-7FE4049A0923}.Development Editor|Win64.ActiveCfg = Development_Editor|x64
		{AF869686-D3A9-4046-B4A6-7FE4049A0923}.Development Editor|Win64.Build.0 = Development_Editor|x64
		{AF869686-D3A9-4046-B4A6-7FE4049A0923}.Development|HTML5.ActiveCfg = HTML5_Development_Game|Win32
		{AF869686-D3A9-4046-B4A6-7FE4049A0923}.Development|HTML5.Build.0 = HTML5_Development_Game|Win32
		{AF869686-D3A9-4046-B4A6-7FE4049A0923}.Development|Win32.ActiveCfg = Development_Game|Win32
		{AF869686-D3A9-4046-B4A6-7FE4049A0923}.Development|Win32.Build.0 = Development_Game|Win32
		{AF869686-D3A9-4046-B4A6-7FE4049A0923}.Development|Win64.ActiveCfg = Development_Game|x64
		{AF869686-D3A9-4046-B4A6-7FE4049A0923}.Development|Win64.Build.0 = Development_Game|x64
		{AF869686-D3A9-4046-B4A6-7FE4049A0923}.Shipping|HTML5.ActiveCfg = HTML5_Shipping_Game|Win32
		{AF869686-D3A9-4046-B4A6-7FE4049A0923}.Shipping|HTML5.Build.0 = HTML5_Shipping_Game|Win32
		{AF869686-D3A9-4046-B4A6-7FE4049A0923}.Shipping|Win32.ActiveCfg = Shipping_Game|Win32
		{AF869686-D3A9-4046-B4A6-7FE4049A0923}.Shipping|Win32.Build.0 = Shipping_Game|Win32
		{AF869686-D3A9-4046-B4A6-7FE4049A0923}.Shipping|Win64.ActiveCfg = Shipping_Game|x64
		{AF869686-D3A9-4046-B4A6-7FE4049A0923}.Shipping|Win64.Build.0 = Shipping_Game|x64
	EndGlobalSection
	GlobalSection(SolutionProperties) = preSolution
		HideSolutionNode = FALSE
	EndGlobalSection
	GlobalSection(NestedProjects) = preSolution
		{9FE24EE8-858D-4220-BD60-D8BD6BA0067C} = {0CD0B747-68B7-4926-9D39-57939F220BFB}
		{AF869686-D3A9-4046-B4A6-7FE4049A0923} = {685A723F-A2E0-4C4D-AD50-69FD044ED977}
	EndGlobalSection
	GlobalSection(ExtensibilityGlobals) = postSolution
		SolutionGuid = {F2CCCA92-F7E2-4F8E-8C8D-37B8ED369E21}
	EndGlobalSection
EndGlobal
